
Microsoft Visual Studio Solution File, Format Version 11.00
# Visual Studio 2010
Project("{8BC9CEB8-8B4A-11D0-8D11-00A0C91BC942}") = "gtest", "gtest.vcxproj", "{9E42B044-0D77-AB40-BABC-23FA9BD736CF}"
EndProject
Project("{8BC9CEB8-8B4A-11D0-8D11-00A0C91BC942}") = "test_bullet_collision", "test_bullet_collision.vcxproj", "{DB6E64A2-2217-F542-8815-2CF2C0E591A2}"
	ProjectSection(ProjectDependencies) = postProject
		{573B3EA5-DB77-634D-9A6A-8E54D454C693} = {573B3EA5-DB77-634D-9A6A-8E54D454C693}
		{9E42B044-0D77-AB40-BABC-23FA9BD736CF} = {9E42B044-0D77-AB40-BABC-23FA9BD736CF}
	EndProjectSection
EndProject
Project("{8BC9CEB8-8B4A-11D0-8D11-00A0C91BC942}") = "Test_OpenCL_Bullet3", "Test_OpenCL_Bullet3.vcxproj", "{08C72BCA-45A9-7144-9E14-1EF55AE977D7}"
	ProjectSection(ProjectDependencies) = postProject
		{9E42B044-0D77-AB40-BABC-23FA9BD736CF} = {9E42B044-0D77-AB40-BABC-23FA9BD736CF}
		{A893A4BD-5BA3-A344-B62B-62654DC1DD0D} = {A893A4BD-5BA3-A344-B62B-62654DC1DD0D}
		{33B6E74F-CCB6-3B41-89F3-6CE8ACE33FA6} = {33B6E74F-CCB6-3B41-89F3-6CE8ACE33FA6}
	EndProjectSection
EndProject
Project("{8BC9CEB8-8B4A-11D0-8D11-00A0C91BC942}") = "App_AllBullet2Demos", "App_AllBullet2Demos.vcxproj", "{7325D861-5D3C-E644-B2B3-1E6229ACE283}"
	ProjectSection(ProjectDependencies) = postProject
		{837D95CA-EE31-0D4B-914C-B874B5BD09BE} = {837D95CA-EE31-0D4B-914C-B874B5BD09BE}
		{C7E730C1-6DCE-E54B-982B-8E6BEB21D613} = {C7E730C1-6DCE-E54B-982B-8E6BEB21D613}
		{368B7770-6BFF-9640-8B1D-649CF53A035E} = {368B7770-6BFF-9640-8B1D-649CF53A035E}
		{0EE79508-06BE-A643-8B3C-E91A1D56BB1C} = {0EE79508-06BE-A643-8B3C-E91A1D56BB1C}
		{593DF0AB-B588-E94C-9054-F55F784A50F8} = {593DF0AB-B588-E94C-9054-F55F784A50F8}
		{573B3EA5-DB77-634D-9A6A-8E54D454C693} = {573B3EA5-DB77-634D-9A6A-8E54D454C693}
		{33B6E74F-CCB6-3B41-89F3-6CE8ACE33FA6} = {33B6E74F-CCB6-3B41-89F3-6CE8ACE33FA6}
		{9A97BB46-0F33-CD48-BC4D-1D6F38AE4DAD} = {9A97BB46-0F33-CD48-BC4D-1D6F38AE4DAD}
	EndProjectSection
EndProject
Project("{8BC9CEB8-8B4A-11D0-8D11-00A0C91BC942}") = "App_Bullet3_OpenCL_Demos_clew", "App_Bullet3_OpenCL_Demos_clew.vcxproj", "{5DEDCADA-F9C0-2044-9C02-F8971DC2BC08}"
	ProjectSection(ProjectDependencies) = postProject
		{837D95CA-EE31-0D4B-914C-B874B5BD09BE} = {837D95CA-EE31-0D4B-914C-B874B5BD09BE}
		{C7E730C1-6DCE-E54B-982B-8E6BEB21D613} = {C7E730C1-6DCE-E54B-982B-8E6BEB21D613}
		{DC3A8CEB-3590-8949-84C9-E137280DAB7A} = {DC3A8CEB-3590-8949-84C9-E137280DAB7A}
		{A893A4BD-5BA3-A344-B62B-62654DC1DD0D} = {A893A4BD-5BA3-A344-B62B-62654DC1DD0D}
		{8AC870D3-8F65-B945-996F-F104713A5F77} = {8AC870D3-8F65-B945-996F-F104713A5F77}
		{B1C595B5-FB35-C241-899A-97A8FD497DF3} = {B1C595B5-FB35-C241-899A-97A8FD497DF3}
		{410EA0E1-E2BA-D94A-AFBC-4E007C7D9FF8} = {410EA0E1-E2BA-D94A-AFBC-4E007C7D9FF8}
		{33B6E74F-CCB6-3B41-89F3-6CE8ACE33FA6} = {33B6E74F-CCB6-3B41-89F3-6CE8ACE33FA6}
	EndProjectSection
EndProject
Project("{8BC9CEB8-8B4A-11D0-8D11-00A0C91BC942}") = "App_BasicDemoConsole", "App_BasicDemoConsole.vcxproj", "{52558421-787C-0D43-BF74-FF5F6C4442B1}"
	ProjectSection(ProjectDependencies) = postProject
		{0EE79508-06BE-A643-8B3C-E91A1D56BB1C} = {0EE79508-06BE-A643-8B3C-E91A1D56BB1C}
		{593DF0AB-B588-E94C-9054-F55F784A50F8} = {593DF0AB-B588-E94C-9054-F55F784A50F8}
		{573B3EA5-DB77-634D-9A6A-8E54D454C693} = {573B3EA5-DB77-634D-9A6A-8E54D454C693}
	EndProjectSection
EndProject
Project("{8BC9CEB8-8B4A-11D0-8D11-00A0C91BC942}") = "App_BasicDemoCustomOpenGL2", "App_BasicDemoCustomOpenGL2.vcxproj", "{E26F5BC2-06B4-C94A-82B2-7E2134065F29}"
	ProjectSection(ProjectDependencies) = postProject
		{368B7770-6BFF-9640-8B1D-649CF53A035E} = {368B7770-6BFF-9640-8B1D-649CF53A035E}
		{0EE79508-06BE-A643-8B3C-E91A1D56BB1C} = {0EE79508-06BE-A643-8B3C-E91A1D56BB1C}
		{593DF0AB-B588-E94C-9054-F55F784A50F8} = {593DF0AB-B588-E94C-9054-F55F784A50F8}
		{573B3EA5-DB77-634D-9A6A-8E54D454C693} = {573B3EA5-DB77-634D-9A6A-8E54D454C693}
	EndProjectSection
EndProject
Project("{8BC9CEB8-8B4A-11D0-8D11-00A0C91BC942}") = "OpenGL_Window", "OpenGL_Window.vcxproj", "{368B7770-6BFF-9640-8B1D-649CF53A035E}"
EndProject
Project("{8BC9CEB8-8B4A-11D0-8D11-00A0C91BC942}") = "Bullet3AppSupport", "Bullet3AppSupport.vcxproj", "{837D95CA-EE31-0D4B-914C-B874B5BD09BE}"
EndProject
Project("{8BC9CEB8-8B4A-11D0-8D11-00A0C91BC942}") = "App_SimpleOpenGL3", "App_SimpleOpenGL3.vcxproj", "{DACADBE0-202F-0C4F-8497-6B4257BFE6A6}"
	ProjectSection(ProjectDependencies) = postProject
		{368B7770-6BFF-9640-8B1D-649CF53A035E} = {368B7770-6BFF-9640-8B1D-649CF53A035E}
		{33B6E74F-CCB6-3B41-89F3-6CE8ACE33FA6} = {33B6E74F-CCB6-3B41-89F3-6CE8ACE33FA6}
	EndProjectSection
EndProject
Project("{8BC9CEB8-8B4A-11D0-8D11-00A0C91BC942}") = "urdf_test", "urdf_test.vcxproj", "{AC4A004B-25EC-7048-A9A1-85D358F5E45D}"
EndProject
Project("{8BC9CEB8-8B4A-11D0-8D11-00A0C91BC942}") = "lua-5.2.3", "lua-5.2.3.vcxproj", "{9A97BB46-0F33-CD48-BC4D-1D6F38AE4DAD}"
EndProject
Project("{8BC9CEB8-8B4A-11D0-8D11-00A0C91BC942}") = "App_LuaCompiler", "App_LuaCompiler.vcxproj", "{357BE530-302B-EB4D-8C82-5E318B4610F9}"
	ProjectSection(ProjectDependencies) = postProject
		{9A97BB46-0F33-CD48-BC4D-1D6F38AE4DAD} = {9A97BB46-0F33-CD48-BC4D-1D6F38AE4DAD}
	EndProjectSection
EndProject
Project("{8BC9CEB8-8B4A-11D0-8D11-00A0C91BC942}") = "App_LuaStandalone", "App_LuaStandalone.vcxproj", "{329D2AE3-2FD4-A547-BB27-6DEC4C2D0EBB}"
	ProjectSection(ProjectDependencies) = postProject
		{9A97BB46-0F33-CD48-BC4D-1D6F38AE4DAD} = {9A97BB46-0F33-CD48-BC4D-1D6F38AE4DAD}
	EndProjectSection
EndProject
Project("{8BC9CEB8-8B4A-11D0-8D11-00A0C91BC942}") = "Test_Lua", "Test_Lua.vcxproj", "{199629F9-9EAC-1646-A966-06D90891D75C}"
	ProjectSection(ProjectDependencies) = postProject
		{9A97BB46-0F33-CD48-BC4D-1D6F38AE4DAD} = {9A97BB46-0F33-CD48-BC4D-1D6F38AE4DAD}
	EndProjectSection
EndProject
Project("{8BC9CEB8-8B4A-11D0-8D11-00A0C91BC942}") = "gwen", "gwen.vcxproj", "{C7E730C1-6DCE-E54B-982B-8E6BEB21D613}"
EndProject
Project("{8BC9CEB8-8B4A-11D0-8D11-00A0C91BC942}") = "Test_Gwen_OpenGL", "Test_Gwen_OpenGL.vcxproj", "{AEFA4630-D35E-2342-B139-5842CBEB7D4C}"
	ProjectSection(ProjectDependencies) = postProject
		{C7E730C1-6DCE-E54B-982B-8E6BEB21D613} = {C7E730C1-6DCE-E54B-982B-8E6BEB21D613}
	EndProjectSection
EndProject
Project("{8BC9CEB8-8B4A-11D0-8D11-00A0C91BC942}") = "Test_OpenCL_kernel_launch_clew", "Test_OpenCL_kernel_launch_clew.vcxproj", "{8EDDA603-FBA6-F244-8EF6-4924660129B4}"
EndProject
Project("{8BC9CEB8-8B4A-11D0-8D11-00A0C91BC942}") = "Test_OpenCL_Primitives_clew", "Test_OpenCL_Primitives_clew.vcxproj", "{9B6F2E2B-558F-DF42-BBE4-7189B0280FC2}"
EndProject
Project("{8BC9CEB8-8B4A-11D0-8D11-00A0C91BC942}") = "Test_OpenCL_RadixSortBenchmark_clew", "Test_OpenCL_RadixSortBenchmark_clew.vcxproj", "{7FCF4F83-A788-6142-8C9D-2C0B9F161DE4}"
EndProject
Project("{8BC9CEB8-8B4A-11D0-8D11-00A0C91BC942}") = "BulletSoftBody", "BulletSoftBody.vcxproj", "{5329EEC9-0E20-CF4D-8003-282A445E9780}"
EndProject
Project("{8BC9CEB8-8B4A-11D0-8D11-00A0C91BC942}") = "BulletDynamics", "BulletDynamics.vcxproj", "{0EE79508-06BE-A643-8B3C-E91A1D56BB1C}"
EndProject
Project("{8BC9CEB8-8B4A-11D0-8D11-00A0C91BC942}") = "BulletCollision", "BulletCollision.vcxproj", "{593DF0AB-B588-E94C-9054-F55F784A50F8}"
EndProject
Project("{8BC9CEB8-8B4A-11D0-8D11-00A0C91BC942}") = "LinearMath", "LinearMath.vcxproj", "{573B3EA5-DB77-634D-9A6A-8E54D454C693}"
EndProject
Project("{8BC9CEB8-8B4A-11D0-8D11-00A0C91BC942}") = "Bullet3Dynamics", "Bullet3Dynamics.vcxproj", "{8AC870D3-8F65-B945-996F-F104713A5F77}"
EndProject
Project("{8BC9CEB8-8B4A-11D0-8D11-00A0C91BC942}") = "Bullet3Common", "Bullet3Common.vcxproj", "{33B6E74F-CCB6-3B41-89F3-6CE8ACE33FA6}"
EndProject
Project("{8BC9CEB8-8B4A-11D0-8D11-00A0C91BC942}") = "Bullet3Geometry", "Bullet3Geometry.vcxproj", "{410EA0E1-E2BA-D94A-AFBC-4E007C7D9FF8}"
EndProject
Project("{8BC9CEB8-8B4A-11D0-8D11-00A0C91BC942}") = "Bullet3Collision", "Bullet3Collision.vcxproj", "{B1C595B5-FB35-C241-899A-97A8FD497DF3}"
EndProject
Project("{8BC9CEB8-8B4A-11D0-8D11-00A0C91BC942}") = "Bullet2FileLoader", "Bullet2FileLoader.vcxproj", "{DC3A8CEB-3590-8949-84C9-E137280DAB7A}"
EndProject
Project("{8BC9CEB8-8B4A-11D0-8D11-00A0C91BC942}") = "Bullet3OpenCL_clew", "Bullet3OpenCL_clew.vcxproj", "{A893A4BD-5BA3-A344-B62B-62654DC1DD0D}"
EndProject
Global
	GlobalSection(SolutionConfigurationPlatforms) = preSolution
		Release|Win32 = Release|Win32
		Release|x64 = Release|x64
		Debug|Win32 = Debug|Win32
		Debug|x64 = Debug|x64
	EndGlobalSection
	GlobalSection(ProjectConfigurationPlatforms) = postSolution
		{9E42B044-0D77-AB40-BABC-23FA9BD736CF}.Release|Win32.ActiveCfg = Release|Win32
		{9E42B044-0D77-AB40-BABC-23FA9BD736CF}.Release|Win32.Build.0 = Release|Win32
		{9E42B044-0D77-AB40-BABC-23FA9BD736CF}.Release|x64.ActiveCfg = Release|x64
		{9E42B044-0D77-AB40-BABC-23FA9BD736CF}.Release|x64.Build.0 = Release|x64
		{9E42B044-0D77-AB40-BABC-23FA9BD736CF}.Debug|Win32.ActiveCfg = Debug|Win32
		{9E42B044-0D77-AB40-BABC-23FA9BD736CF}.Debug|Win32.Build.0 = Debug|Win32
		{9E42B044-0D77-AB40-BABC-23FA9BD736CF}.Debug|x64.ActiveCfg = Debug|x64
		{9E42B044-0D77-AB40-BABC-23FA9BD736CF}.Debug|x64.Build.0 = Debug|x64
		{DB6E64A2-2217-F542-8815-2CF2C0E591A2}.Release|Win32.ActiveCfg = Release|Win32
		{DB6E64A2-2217-F542-8815-2CF2C0E591A2}.Release|Win32.Build.0 = Release|Win32
		{DB6E64A2-2217-F542-8815-2CF2C0E591A2}.Release|x64.ActiveCfg = Release|x64
		{DB6E64A2-2217-F542-8815-2CF2C0E591A2}.Release|x64.Build.0 = Release|x64
		{DB6E64A2-2217-F542-8815-2CF2C0E591A2}.Debug|Win32.ActiveCfg = Debug|Win32
		{DB6E64A2-2217-F542-8815-2CF2C0E591A2}.Debug|Win32.Build.0 = Debug|Win32
		{DB6E64A2-2217-F542-8815-2CF2C0E591A2}.Debug|x64.ActiveCfg = Debug|x64
		{DB6E64A2-2217-F542-8815-2CF2C0E591A2}.Debug|x64.Build.0 = Debug|x64
		{08C72BCA-45A9-7144-9E14-1EF55AE977D7}.Release|Win32.ActiveCfg = Release|Win32
		{08C72BCA-45A9-7144-9E14-1EF55AE977D7}.Release|Win32.Build.0 = Release|Win32
		{08C72BCA-45A9-7144-9E14-1EF55AE977D7}.Release|x64.ActiveCfg = Release|x64
		{08C72BCA-45A9-7144-9E14-1EF55AE977D7}.Release|x64.Build.0 = Release|x64
		{08C72BCA-45A9-7144-9E14-1EF55AE977D7}.Debug|Win32.ActiveCfg = Debug|Win32
		{08C72BCA-45A9-7144-9E14-1EF55AE977D7}.Debug|Win32.Build.0 = Debug|Win32
		{08C72BCA-45A9-7144-9E14-1EF55AE977D7}.Debug|x64.ActiveCfg = Debug|x64
		{08C72BCA-45A9-7144-9E14-1EF55AE977D7}.Debug|x64.Build.0 = Debug|x64
		{7325D861-5D3C-E644-B2B3-1E6229ACE283}.Release|Win32.ActiveCfg = Release|Win32
		{7325D861-5D3C-E644-B2B3-1E6229ACE283}.Release|Win32.Build.0 = Release|Win32
		{7325D861-5D3C-E644-B2B3-1E6229ACE283}.Release|x64.ActiveCfg = Release|x64
		{7325D861-5D3C-E644-B2B3-1E6229ACE283}.Release|x64.Build.0 = Release|x64
		{7325D861-5D3C-E644-B2B3-1E6229ACE283}.Debug|Win32.ActiveCfg = Debug|Win32
		{7325D861-5D3C-E644-B2B3-1E6229ACE283}.Debug|Win32.Build.0 = Debug|Win32
		{7325D861-5D3C-E644-B2B3-1E6229ACE283}.Debug|x64.ActiveCfg = Debug|x64
		{7325D861-5D3C-E644-B2B3-1E6229ACE283}.Debug|x64.Build.0 = Debug|x64
		{5DEDCADA-F9C0-2044-9C02-F8971DC2BC08}.Release|Win32.ActiveCfg = Release|Win32
		{5DEDCADA-F9C0-2044-9C02-F8971DC2BC08}.Release|Win32.Build.0 = Release|Win32
		{5DEDCADA-F9C0-2044-9C02-F8971DC2BC08}.Release|x64.ActiveCfg = Release|x64
		{5DEDCADA-F9C0-2044-9C02-F8971DC2BC08}.Release|x64.Build.0 = Release|x64
		{5DEDCADA-F9C0-2044-9C02-F8971DC2BC08}.Debug|Win32.ActiveCfg = Debug|Win32
		{5DEDCADA-F9C0-2044-9C02-F8971DC2BC08}.Debug|Win32.Build.0 = Debug|Win32
		{5DEDCADA-F9C0-2044-9C02-F8971DC2BC08}.Debug|x64.ActiveCfg = Debug|x64
		{5DEDCADA-F9C0-2044-9C02-F8971DC2BC08}.Debug|x64.Build.0 = Debug|x64
		{52558421-787C-0D43-BF74-FF5F6C4442B1}.Release|Win32.ActiveCfg = Release|Win32
		{52558421-787C-0D43-BF74-FF5F6C4442B1}.Release|Win32.Build.0 = Release|Win32
		{52558421-787C-0D43-BF74-FF5F6C4442B1}.Release|x64.ActiveCfg = Release|x64
		{52558421-787C-0D43-BF74-FF5F6C4442B1}.Release|x64.Build.0 = Release|x64
		{52558421-787C-0D43-BF74-FF5F6C4442B1}.Debug|Win32.ActiveCfg = Debug|Win32
		{52558421-787C-0D43-BF74-FF5F6C4442B1}.Debug|Win32.Build.0 = Debug|Win32
		{52558421-787C-0D43-BF74-FF5F6C4442B1}.Debug|x64.ActiveCfg = Debug|x64
		{52558421-787C-0D43-BF74-FF5F6C4442B1}.Debug|x64.Build.0 = Debug|x64
		{E26F5BC2-06B4-C94A-82B2-7E2134065F29}.Release|Win32.ActiveCfg = Release|Win32
		{E26F5BC2-06B4-C94A-82B2-7E2134065F29}.Release|Win32.Build.0 = Release|Win32
		{E26F5BC2-06B4-C94A-82B2-7E2134065F29}.Release|x64.ActiveCfg = Release|x64
		{E26F5BC2-06B4-C94A-82B2-7E2134065F29}.Release|x64.Build.0 = Release|x64
		{E26F5BC2-06B4-C94A-82B2-7E2134065F29}.Debug|Win32.ActiveCfg = Debug|Win32
		{E26F5BC2-06B4-C94A-82B2-7E2134065F29}.Debug|Win32.Build.0 = Debug|Win32
		{E26F5BC2-06B4-C94A-82B2-7E2134065F29}.Debug|x64.ActiveCfg = Debug|x64
		{E26F5BC2-06B4-C94A-82B2-7E2134065F29}.Debug|x64.Build.0 = Debug|x64
		{368B7770-6BFF-9640-8B1D-649CF53A035E}.Release|Win32.ActiveCfg = Release|Win32
		{368B7770-6BFF-9640-8B1D-649CF53A035E}.Release|Win32.Build.0 = Release|Win32
		{368B7770-6BFF-9640-8B1D-649CF53A035E}.Release|x64.ActiveCfg = Release|x64
		{368B7770-6BFF-9640-8B1D-649CF53A035E}.Release|x64.Build.0 = Release|x64
		{368B7770-6BFF-9640-8B1D-649CF53A035E}.Debug|Win32.ActiveCfg = Debug|Win32
		{368B7770-6BFF-9640-8B1D-649CF53A035E}.Debug|Win32.Build.0 = Debug|Win32
		{368B7770-6BFF-9640-8B1D-649CF53A035E}.Debug|x64.ActiveCfg = Debug|x64
		{368B7770-6BFF-9640-8B1D-649CF53A035E}.Debug|x64.Build.0 = Debug|x64
		{837D95CA-EE31-0D4B-914C-B874B5BD09BE}.Release|Win32.ActiveCfg = Release|Win32
		{837D95CA-EE31-0D4B-914C-B874B5BD09BE}.Release|Win32.Build.0 = Release|Win32
		{837D95CA-EE31-0D4B-914C-B874B5BD09BE}.Release|x64.ActiveCfg = Release|x64
		{837D95CA-EE31-0D4B-914C-B874B5BD09BE}.Release|x64.Build.0 = Release|x64
		{837D95CA-EE31-0D4B-914C-B874B5BD09BE}.Debug|Win32.ActiveCfg = Debug|Win32
		{837D95CA-EE31-0D4B-914C-B874B5BD09BE}.Debug|Win32.Build.0 = Debug|Win32
		{837D95CA-EE31-0D4B-914C-B874B5BD09BE}.Debug|x64.ActiveCfg = Debug|x64
		{837D95CA-EE31-0D4B-914C-B874B5BD09BE}.Debug|x64.Build.0 = Debug|x64
		{DACADBE0-202F-0C4F-8497-6B4257BFE6A6}.Release|Win32.ActiveCfg = Release|Win32
		{DACADBE0-202F-0C4F-8497-6B4257BFE6A6}.Release|Win32.Build.0 = Release|Win32
		{DACADBE0-202F-0C4F-8497-6B4257BFE6A6}.Release|x64.ActiveCfg = Release|x64
		{DACADBE0-202F-0C4F-8497-6B4257BFE6A6}.Release|x64.Build.0 = Release|x64
		{DACADBE0-202F-0C4F-8497-6B4257BFE6A6}.Debug|Win32.ActiveCfg = Debug|Win32
		{DACADBE0-202F-0C4F-8497-6B4257BFE6A6}.Debug|Win32.Build.0 = Debug|Win32
		{DACADBE0-202F-0C4F-8497-6B4257BFE6A6}.Debug|x64.ActiveCfg = Debug|x64
		{DACADBE0-202F-0C4F-8497-6B4257BFE6A6}.Debug|x64.Build.0 = Debug|x64
		{AC4A004B-25EC-7048-A9A1-85D358F5E45D}.Release|Win32.ActiveCfg = Release|Win32
		{AC4A004B-25EC-7048-A9A1-85D358F5E45D}.Release|Win32.Build.0 = Release|Win32
		{AC4A004B-25EC-7048-A9A1-85D358F5E45D}.Release|x64.ActiveCfg = Release|x64
		{AC4A004B-25EC-7048-A9A1-85D358F5E45D}.Release|x64.Build.0 = Release|x64
		{AC4A004B-25EC-7048-A9A1-85D358F5E45D}.Debug|Win32.ActiveCfg = Debug|Win32
		{AC4A004B-25EC-7048-A9A1-85D358F5E45D}.Debug|Win32.Build.0 = Debug|Win32
		{AC4A004B-25EC-7048-A9A1-85D358F5E45D}.Debug|x64.ActiveCfg = Debug|x64
		{AC4A004B-25EC-7048-A9A1-85D358F5E45D}.Debug|x64.Build.0 = Debug|x64
		{9A97BB46-0F33-CD48-BC4D-1D6F38AE4DAD}.Release|Win32.ActiveCfg = Release|Win32
		{9A97BB46-0F33-CD48-BC4D-1D6F38AE4DAD}.Release|Win32.Build.0 = Release|Win32
		{9A97BB46-0F33-CD48-BC4D-1D6F38AE4DAD}.Release|x64.ActiveCfg = Release|x64
		{9A97BB46-0F33-CD48-BC4D-1D6F38AE4DAD}.Release|x64.Build.0 = Release|x64
		{9A97BB46-0F33-CD48-BC4D-1D6F38AE4DAD}.Debug|Win32.ActiveCfg = Debug|Win32
		{9A97BB46-0F33-CD48-BC4D-1D6F38AE4DAD}.Debug|Win32.Build.0 = Debug|Win32
		{9A97BB46-0F33-CD48-BC4D-1D6F38AE4DAD}.Debug|x64.ActiveCfg = Debug|x64
		{9A97BB46-0F33-CD48-BC4D-1D6F38AE4DAD}.Debug|x64.Build.0 = Debug|x64
		{357BE530-302B-EB4D-8C82-5E318B4610F9}.Release|Win32.ActiveCfg = Release|Win32
		{357BE530-302B-EB4D-8C82-5E318B4610F9}.Release|Win32.Build.0 = Release|Win32
		{357BE530-302B-EB4D-8C82-5E318B4610F9}.Release|x64.ActiveCfg = Release|x64
		{357BE530-302B-EB4D-8C82-5E318B4610F9}.Release|x64.Build.0 = Release|x64
		{357BE530-302B-EB4D-8C82-5E318B4610F9}.Debug|Win32.ActiveCfg = Debug|Win32
		{357BE530-302B-EB4D-8C82-5E318B4610F9}.Debug|Win32.Build.0 = Debug|Win32
		{357BE530-302B-EB4D-8C82-5E318B4610F9}.Debug|x64.ActiveCfg = Debug|x64
		{357BE530-302B-EB4D-8C82-5E318B4610F9}.Debug|x64.Build.0 = Debug|x64
		{329D2AE3-2FD4-A547-BB27-6DEC4C2D0EBB}.Release|Win32.ActiveCfg = Release|Win32
		{329D2AE3-2FD4-A547-BB27-6DEC4C2D0EBB}.Release|Win32.Build.0 = Release|Win32
		{329D2AE3-2FD4-A547-BB27-6DEC4C2D0EBB}.Release|x64.ActiveCfg = Release|x64
		{329D2AE3-2FD4-A547-BB27-6DEC4C2D0EBB}.Release|x64.Build.0 = Release|x64
		{329D2AE3-2FD4-A547-BB27-6DEC4C2D0EBB}.Debug|Win32.ActiveCfg = Debug|Win32
		{329D2AE3-2FD4-A547-BB27-6DEC4C2D0EBB}.Debug|Win32.Build.0 = Debug|Win32
		{329D2AE3-2FD4-A547-BB27-6DEC4C2D0EBB}.Debug|x64.ActiveCfg = Debug|x64
		{329D2AE3-2FD4-A547-BB27-6DEC4C2D0EBB}.Debug|x64.Build.0 = Debug|x64
		{199629F9-9EAC-1646-A966-06D90891D75C}.Release|Win32.ActiveCfg = Release|Win32
		{199629F9-9EAC-1646-A966-06D90891D75C}.Release|Win32.Build.0 = Release|Win32
		{199629F9-9EAC-1646-A966-06D90891D75C}.Release|x64.ActiveCfg = Release|x64
		{199629F9-9EAC-1646-A966-06D90891D75C}.Release|x64.Build.0 = Release|x64
		{199629F9-9EAC-1646-A966-06D90891D75C}.Debug|Win32.ActiveCfg = Debug|Win32
		{199629F9-9EAC-1646-A966-06D90891D75C}.Debug|Win32.Build.0 = Debug|Win32
		{199629F9-9EAC-1646-A966-06D90891D75C}.Debug|x64.ActiveCfg = Debug|x64
		{199629F9-9EAC-1646-A966-06D90891D75C}.Debug|x64.Build.0 = Debug|x64
		{C7E730C1-6DCE-E54B-982B-8E6BEB21D613}.Release|Win32.ActiveCfg = Release|Win32
		{C7E730C1-6DCE-E54B-982B-8E6BEB21D613}.Release|Win32.Build.0 = Release|Win32
		{C7E730C1-6DCE-E54B-982B-8E6BEB21D613}.Release|x64.ActiveCfg = Release|x64
		{C7E730C1-6DCE-E54B-982B-8E6BEB21D613}.Release|x64.Build.0 = Release|x64
		{C7E730C1-6DCE-E54B-982B-8E6BEB21D613}.Debug|Win32.ActiveCfg = Debug|Win32
		{C7E730C1-6DCE-E54B-982B-8E6BEB21D613}.Debug|Win32.Build.0 = Debug|Win32
		{C7E730C1-6DCE-E54B-982B-8E6BEB21D613}.Debug|x64.ActiveCfg = Debug|x64
		{C7E730C1-6DCE-E54B-982B-8E6BEB21D613}.Debug|x64.Build.0 = Debug|x64
		{AEFA4630-D35E-2342-B139-5842CBEB7D4C}.Release|Win32.ActiveCfg = Release|Win32
		{AEFA4630-D35E-2342-B139-5842CBEB7D4C}.Release|Win32.Build.0 = Release|Win32
		{AEFA4630-D35E-2342-B139-5842CBEB7D4C}.Release|x64.ActiveCfg = Release|x64
		{AEFA4630-D35E-2342-B139-5842CBEB7D4C}.Release|x64.Build.0 = Release|x64
		{AEFA4630-D35E-2342-B139-5842CBEB7D4C}.Debug|Win32.ActiveCfg = Debug|Win32
		{AEFA4630-D35E-2342-B139-5842CBEB7D4C}.Debug|Win32.Build.0 = Debug|Win32
		{AEFA4630-D35E-2342-B139-5842CBEB7D4C}.Debug|x64.ActiveCfg = Debug|x64
		{AEFA4630-D35E-2342-B139-5842CBEB7D4C}.Debug|x64.Build.0 = Debug|x64
		{8EDDA603-FBA6-F244-8EF6-4924660129B4}.Release|Win32.ActiveCfg = Release|Win32
		{8EDDA603-FBA6-F244-8EF6-4924660129B4}.Release|Win32.Build.0 = Release|Win32
		{8EDDA603-FBA6-F244-8EF6-4924660129B4}.Release|x64.ActiveCfg = Release|x64
		{8EDDA603-FBA6-F244-8EF6-4924660129B4}.Release|x64.Build.0 = Release|x64
		{8EDDA603-FBA6-F244-8EF6-4924660129B4}.Debug|Win32.ActiveCfg = Debug|Win32
		{8EDDA603-FBA6-F244-8EF6-4924660129B4}.Debug|Win32.Build.0 = Debug|Win32
		{8EDDA603-FBA6-F244-8EF6-4924660129B4}.Debug|x64.ActiveCfg = Debug|x64
		{8EDDA603-FBA6-F244-8EF6-4924660129B4}.Debug|x64.Build.0 = Debug|x64
		{9B6F2E2B-558F-DF42-BBE4-7189B0280FC2}.Release|Win32.ActiveCfg = Release|Win32
		{9B6F2E2B-558F-DF42-BBE4-7189B0280FC2}.Release|Win32.Build.0 = Release|Win32
		{9B6F2E2B-558F-DF42-BBE4-7189B0280FC2}.Release|x64.ActiveCfg = Release|x64
		{9B6F2E2B-558F-DF42-BBE4-7189B0280FC2}.Release|x64.Build.0 = Release|x64
		{9B6F2E2B-558F-DF42-BBE4-7189B0280FC2}.Debug|Win32.ActiveCfg = Debug|Win32
		{9B6F2E2B-558F-DF42-BBE4-7189B0280FC2}.Debug|Win32.Build.0 = Debug|Win32
		{9B6F2E2B-558F-DF42-BBE4-7189B0280FC2}.Debug|x64.ActiveCfg = Debug|x64
		{9B6F2E2B-558F-DF42-BBE4-7189B0280FC2}.Debug|x64.Build.0 = Debug|x64
		{7FCF4F83-A788-6142-8C9D-2C0B9F161DE4}.Release|Win32.ActiveCfg = Release|Win32
		{7FCF4F83-A788-6142-8C9D-2C0B9F161DE4}.Release|Win32.Build.0 = Release|Win32
		{7FCF4F83-A788-6142-8C9D-2C0B9F161DE4}.Release|x64.ActiveCfg = Release|x64
		{7FCF4F83-A788-6142-8C9D-2C0B9F161DE4}.Release|x64.Build.0 = Release|x64
		{7FCF4F83-A788-6142-8C9D-2C0B9F161DE4}.Debug|Win32.ActiveCfg = Debug|Win32
		{7FCF4F83-A788-6142-8C9D-2C0B9F161DE4}.Debug|Win32.Build.0 = Debug|Win32
		{7FCF4F83-A788-6142-8C9D-2C0B9F161DE4}.Debug|x64.ActiveCfg = Debug|x64
		{7FCF4F83-A788-6142-8C9D-2C0B9F161DE4}.Debug|x64.Build.0 = Debug|x64
		{5329EEC9-0E20-CF4D-8003-282A445E9780}.Release|Win32.ActiveCfg = Release|Win32
		{5329EEC9-0E20-CF4D-8003-282A445E9780}.Release|Win32.Build.0 = Release|Win32
		{5329EEC9-0E20-CF4D-8003-282A445E9780}.Release|x64.ActiveCfg = Release|x64
		{5329EEC9-0E20-CF4D-8003-282A445E9780}.Release|x64.Build.0 = Release|x64
		{5329EEC9-0E20-CF4D-8003-282A445E9780}.Debug|Win32.ActiveCfg = Debug|Win32
		{5329EEC9-0E20-CF4D-8003-282A445E9780}.Debug|Win32.Build.0 = Debug|Win32
		{5329EEC9-0E20-CF4D-8003-282A445E9780}.Debug|x64.ActiveCfg = Debug|x64
		{5329EEC9-0E20-CF4D-8003-282A445E9780}.Debug|x64.Build.0 = Debug|x64
		{0EE79508-06BE-A643-8B3C-E91A1D56BB1C}.Release|Win32.ActiveCfg = Release|Win32
		{0EE79508-06BE-A643-8B3C-E91A1D56BB1C}.Release|Win32.Build.0 = Release|Win32
		{0EE79508-06BE-A643-8B3C-E91A1D56BB1C}.Release|x64.ActiveCfg = Release|x64
		{0EE79508-06BE-A643-8B3C-E91A1D56BB1C}.Release|x64.Build.0 = Release|x64
		{0EE79508-06BE-A643-8B3C-E91A1D56BB1C}.Debug|Win32.ActiveCfg = Debug|Win32
		{0EE79508-06BE-A643-8B3C-E91A1D56BB1C}.Debug|Win32.Build.0 = Debug|Win32
		{0EE79508-06BE-A643-8B3C-E91A1D56BB1C}.Debug|x64.ActiveCfg = Debug|x64
		{0EE79508-06BE-A643-8B3C-E91A1D56BB1C}.Debug|x64.Build.0 = Debug|x64
		{593DF0AB-B588-E94C-9054-F55F784A50F8}.Release|Win32.ActiveCfg = Release|Win32
		{593DF0AB-B588-E94C-9054-F55F784A50F8}.Release|Win32.Build.0 = Release|Win32
		{593DF0AB-B588-E94C-9054-F55F784A50F8}.Release|x64.ActiveCfg = Release|x64
		{593DF0AB-B588-E94C-9054-F55F784A50F8}.Release|x64.Build.0 = Release|x64
		{593DF0AB-B588-E94C-9054-F55F784A50F8}.Debug|Win32.ActiveCfg = Debug|Win32
		{593DF0AB-B588-E94C-9054-F55F784A50F8}.Debug|Win32.Build.0 = Debug|Win32
		{593DF0AB-B588-E94C-9054-F55F784A50F8}.Debug|x64.ActiveCfg = Debug|x64
		{593DF0AB-B588-E94C-9054-F55F784A50F8}.Debug|x64.Build.0 = Debug|x64
		{573B3EA5-DB77-634D-9A6A-8E54D454C693}.Release|Win32.ActiveCfg = Release|Win32
		{573B3EA5-DB77-634D-9A6A-8E54D454C693}.Release|Win32.Build.0 = Release|Win32
		{573B3EA5-DB77-634D-9A6A-8E54D454C693}.Release|x64.ActiveCfg = Release|x64
		{573B3EA5-DB77-634D-9A6A-8E54D454C693}.Release|x64.Build.0 = Release|x64
		{573B3EA5-DB77-634D-9A6A-8E54D454C693}.Debug|Win32.ActiveCfg = Debug|Win32
		{573B3EA5-DB77-634D-9A6A-8E54D454C693}.Debug|Win32.Build.0 = Debug|Win32
		{573B3EA5-DB77-634D-9A6A-8E54D454C693}.Debug|x64.ActiveCfg = Debug|x64
		{573B3EA5-DB77-634D-9A6A-8E54D454C693}.Debug|x64.Build.0 = Debug|x64
		{8AC870D3-8F65-B945-996F-F104713A5F77}.Release|Win32.ActiveCfg = Release|Win32
		{8AC870D3-8F65-B945-996F-F104713A5F77}.Release|Win32.Build.0 = Release|Win32
		{8AC870D3-8F65-B945-996F-F104713A5F77}.Release|x64.ActiveCfg = Release|x64
		{8AC870D3-8F65-B945-996F-F104713A5F77}.Release|x64.Build.0 = Release|x64
		{8AC870D3-8F65-B945-996F-F104713A5F77}.Debug|Win32.ActiveCfg = Debug|Win32
		{8AC870D3-8F65-B945-996F-F104713A5F77}.Debug|Win32.Build.0 = Debug|Win32
		{8AC870D3-8F65-B945-996F-F104713A5F77}.Debug|x64.ActiveCfg = Debug|x64
		{8AC870D3-8F65-B945-996F-F104713A5F77}.Debug|x64.Build.0 = Debug|x64
		{33B6E74F-CCB6-3B41-89F3-6CE8ACE33FA6}.Release|Win32.ActiveCfg = Release|Win32
		{33B6E74F-CCB6-3B41-89F3-6CE8ACE33FA6}.Release|Win32.Build.0 = Release|Win32
		{33B6E74F-CCB6-3B41-89F3-6CE8ACE33FA6}.Release|x64.ActiveCfg = Release|x64
		{33B6E74F-CCB6-3B41-89F3-6CE8ACE33FA6}.Release|x64.Build.0 = Release|x64
		{33B6E74F-CCB6-3B41-89F3-6CE8ACE33FA6}.Debug|Win32.ActiveCfg = Debug|Win32
		{33B6E74F-CCB6-3B41-89F3-6CE8ACE33FA6}.Debug|Win32.Build.0 = Debug|Win32
		{33B6E74F-CCB6-3B41-89F3-6CE8ACE33FA6}.Debug|x64.ActiveCfg = Debug|x64
		{33B6E74F-CCB6-3B41-89F3-6CE8ACE33FA6}.Debug|x64.Build.0 = Debug|x64
		{410EA0E1-E2BA-D94A-AFBC-4E007C7D9FF8}.Release|Win32.ActiveCfg = Release|Win32
		{410EA0E1-E2BA-D94A-AFBC-4E007C7D9FF8}.Release|Win32.Build.0 = Release|Win32
		{410EA0E1-E2BA-D94A-AFBC-4E007C7D9FF8}.Release|x64.ActiveCfg = Release|x64
		{410EA0E1-E2BA-D94A-AFBC-4E007C7D9FF8}.Release|x64.Build.0 = Release|x64
		{410EA0E1-E2BA-D94A-AFBC-4E007C7D9FF8}.Debug|Win32.ActiveCfg = Debug|Win32
		{410EA0E1-E2BA-D94A-AFBC-4E007C7D9FF8}.Debug|Win32.Build.0 = Debug|Win32
		{410EA0E1-E2BA-D94A-AFBC-4E007C7D9FF8}.Debug|x64.ActiveCfg = Debug|x64
		{410EA0E1-E2BA-D94A-AFBC-4E007C7D9FF8}.Debug|x64.Build.0 = Debug|x64
		{B1C595B5-FB35-C241-899A-97A8FD497DF3}.Release|Win32.ActiveCfg = Release|Win32
		{B1C595B5-FB35-C241-899A-97A8FD497DF3}.Release|Win32.Build.0 = Release|Win32
		{B1C595B5-FB35-C241-899A-97A8FD497DF3}.Release|x64.ActiveCfg = Release|x64
		{B1C595B5-FB35-C241-899A-97A8FD497DF3}.Release|x64.Build.0 = Release|x64
		{B1C595B5-FB35-C241-899A-97A8FD497DF3}.Debug|Win32.ActiveCfg = Debug|Win32
		{B1C595B5-FB35-C241-899A-97A8FD497DF3}.Debug|Win32.Build.0 = Debug|Win32
		{B1C595B5-FB35-C241-899A-97A8FD497DF3}.Debug|x64.ActiveCfg = Debug|x64
		{B1C595B5-FB35-C241-899A-97A8FD497DF3}.Debug|x64.Build.0 = Debug|x64
		{DC3A8CEB-3590-8949-84C9-E137280DAB7A}.Release|Win32.ActiveCfg = Release|Win32
		{DC3A8CEB-3590-8949-84C9-E137280DAB7A}.Release|Win32.Build.0 = Release|Win32
		{DC3A8CEB-3590-8949-84C9-E137280DAB7A}.Release|x64.ActiveCfg = Release|x64
		{DC3A8CEB-3590-8949-84C9-E137280DAB7A}.Release|x64.Build.0 = Release|x64
		{DC3A8CEB-3590-8949-84C9-E137280DAB7A}.Debug|Win32.ActiveCfg = Debug|Win32
		{DC3A8CEB-3590-8949-84C9-E137280DAB7A}.Debug|Win32.Build.0 = Debug|Win32
		{DC3A8CEB-3590-8949-84C9-E137280DAB7A}.Debug|x64.ActiveCfg = Debug|x64
		{DC3A8CEB-3590-8949-84C9-E137280DAB7A}.Debug|x64.Build.0 = Debug|x64
		{A893A4BD-5BA3-A344-B62B-62654DC1DD0D}.Release|Win32.ActiveCfg = Release|Win32
		{A893A4BD-5BA3-A344-B62B-62654DC1DD0D}.Release|Win32.Build.0 = Release|Win32
		{A893A4BD-5BA3-A344-B62B-62654DC1DD0D}.Release|x64.ActiveCfg = Release|x64
		{A893A4BD-5BA3-A344-B62B-62654DC1DD0D}.Release|x64.Build.0 = Release|x64
		{A893A4BD-5BA3-A344-B62B-62654DC1DD0D}.Debug|Win32.ActiveCfg = Debug|Win32
		{A893A4BD-5BA3-A344-B62B-62654DC1DD0D}.Debug|Win32.Build.0 = Debug|Win32
		{A893A4BD-5BA3-A344-B62B-62654DC1DD0D}.Debug|x64.ActiveCfg = Debug|x64
		{A893A4BD-5BA3-A344-B62B-62654DC1DD0D}.Debug|x64.Build.0 = Debug|x64
	EndGlobalSection
	GlobalSection(SolutionProperties) = preSolution
		HideSolutionNode = FALSE
	EndGlobalSection
EndGlobal
