<?xml version="1.0" encoding="utf-8"?>
<Project ToolsVersion="4.0" xmlns="http://schemas.microsoft.com/developer/msbuild/2003">
  <ItemGroup>
    <Filter Include="src">
      <UniqueIdentifier>{5177422E-40C8-FE46-97B7-DDB9451D5E0B}</UniqueIdentifier>
    </Filter>
    <Filter Include="src\Bullet3Serialize">
      <UniqueIdentifier>{D38E84D9-84C2-894B-8657-72F5BF4D317A}</UniqueIdentifier>
    </Filter>
    <Filter Include="src\Bullet3Serialize\Bullet2FileLoader">
      <UniqueIdentifier>{A9967AF5-F457-ED41-9DB6-2FDD1ABA6ADB}</UniqueIdentifier>
    </Filter>
    <Filter Include="src\Bullet3Serialize\Bullet2FileLoader\autogenerated">
      <UniqueIdentifier>{11A5A411-7676-3D41-93CC-180416728241}</UniqueIdentifier>
    </Filter>
  </ItemGroup>
  <ItemGroup>
    <ClInclude Include="..\..\src\Bullet3Serialize\Bullet2FileLoader\b3BulletFile.h">
      <Filter>src\Bullet3Serialize\Bullet2FileLoader</Filter>
    </ClInclude>
    <ClInclude Include="..\..\src\Bullet3Serialize\Bullet2FileLoader\b3Chunk.h">
      <Filter>src\Bullet3Serialize\Bullet2FileLoader</Filter>
    </ClInclude>
    <ClInclude Include="..\..\src\Bullet3Serialize\Bullet2FileLoader\b3Common.h">
      <Filter>src\Bullet3Serialize\Bullet2FileLoader</Filter>
    </ClInclude>
    <ClInclude Include="..\..\src\Bullet3Serialize\Bullet2FileLoader\b3Defines.h">
      <Filter>src\Bullet3Serialize\Bullet2FileLoader</Filter>
    </ClInclude>
    <ClInclude Include="..\..\src\Bullet3Serialize\Bullet2FileLoader\b3DNA.h">
      <Filter>src\Bullet3Serialize\Bullet2FileLoader</Filter>
    </ClInclude>
    <ClInclude Include="..\..\src\Bullet3Serialize\Bullet2FileLoader\b3File.h">
      <Filter>src\Bullet3Serialize\Bullet2FileLoader</Filter>
    </ClInclude>
    <ClInclude Include="..\..\src\Bullet3Serialize\Bullet2FileLoader\b3Serializer.h">
      <Filter>src\Bullet3Serialize\Bullet2FileLoader</Filter>
    </ClInclude>
    <ClInclude Include="..\..\src\Bullet3Serialize\Bullet2FileLoader\autogenerated\bullet2.h">
      <Filter>src\Bullet3Serialize\Bullet2FileLoader\autogenerated</Filter>
    </ClInclude>
  </ItemGroup>
  <ItemGroup>
    <ClCompile Include="..\..\src\Bullet3Serialize\Bullet2FileLoader\b3BulletFile.cpp">
      <Filter>src\Bullet3Serialize\Bullet2FileLoader</Filter>
    </ClCompile>
    <ClCompile Include="..\..\src\Bullet3Serialize\Bullet2FileLoader\b3Chunk.cpp">
      <Filter>src\Bullet3Serialize\Bullet2FileLoader</Filter>
    </ClCompile>
    <ClCompile Include="..\..\src\Bullet3Serialize\Bullet2FileLoader\b3DNA.cpp">
      <Filter>src\Bullet3Serialize\Bullet2FileLoader</Filter>
    </ClCompile>
    <ClCompile Include="..\..\src\Bullet3Serialize\Bullet2FileLoader\b3File.cpp">
      <Filter>src\Bullet3Serialize\Bullet2FileLoader</Filter>
    </ClCompile>
    <ClCompile Include="..\..\src\Bullet3Serialize\Bullet2FileLoader\b3Serializer.cpp">
      <Filter>src\Bullet3Serialize\Bullet2FileLoader</Filter>
    </ClCompile>
  </ItemGroup>
</Project>
