
Microsoft Visual Studio Solution File, Format Version 12.00
# Visual Studio 2012
Project("{8BC9CEB8-8B4A-11D0-8D11-00A0C91BC942}") = "TeamProject", "TeamProject\TeamProject.vcxproj", "{BCB8C3C9-D5E6-4EC4-86CE-08FC0EC149B7}"
EndProject
Project("{8BC9CEB8-8B4A-11D0-8D11-00A0C91BC942}") = "BulletCollision", "Bullet\build3\vs2010\BulletCollision.vcxproj", "{3C122656-B460-DC4F-9A8E-78E9471242D6}"
EndProject
Project("{8BC9CEB8-8B4A-11D0-8D11-00A0C91BC942}") = "BulletDynamics", "Bullet\build3\vs2010\BulletDynamics.vcxproj", "{2C1E6445-B58C-7D4F-9879-5ECAE7CC22F5}"
EndProject
Project("{8BC9CEB8-8B4A-11D0-8D11-00A0C91BC942}") = "LinearMath", "Bullet\build3\vs2010\LinearMath.vcxproj", "{D59CA651-7719-8448-8372-E0CA39CE1491}"
EndProject
Global
	GlobalSection(SolutionConfigurationPlatforms) = preSolution
		Debug|Win32 = Debug|Win32
		Debug|x64 = Debug|x64
		Release|Win32 = Release|Win32
		Release|x64 = Release|x64
	EndGlobalSection
	GlobalSection(ProjectConfigurationPlatforms) = postSolution
		{BCB8C3C9-D5E6-4EC4-86CE-08FC0EC149B7}.Debug|Win32.ActiveCfg = Debug|Win32
		{BCB8C3C9-D5E6-4EC4-86CE-08FC0EC149B7}.Debug|Win32.Build.0 = Debug|Win32
		{BCB8C3C9-D5E6-4EC4-86CE-08FC0EC149B7}.Debug|x64.ActiveCfg = Debug|Win32
		{BCB8C3C9-D5E6-4EC4-86CE-08FC0EC149B7}.Release|Win32.ActiveCfg = Release|Win32
		{BCB8C3C9-D5E6-4EC4-86CE-08FC0EC149B7}.Release|Win32.Build.0 = Release|Win32
		{BCB8C3C9-D5E6-4EC4-86CE-08FC0EC149B7}.Release|x64.ActiveCfg = Release|Win32
		{3C122656-B460-DC4F-9A8E-78E9471242D6}.Debug|Win32.ActiveCfg = Debug|Win32
		{3C122656-B460-DC4F-9A8E-78E9471242D6}.Debug|Win32.Build.0 = Debug|Win32
		{3C122656-B460-DC4F-9A8E-78E9471242D6}.Debug|x64.ActiveCfg = Debug|x64
		{3C122656-B460-DC4F-9A8E-78E9471242D6}.Debug|x64.Build.0 = Debug|x64
		{3C122656-B460-DC4F-9A8E-78E9471242D6}.Release|Win32.ActiveCfg = Release|Win32
		{3C122656-B460-DC4F-9A8E-78E9471242D6}.Release|Win32.Build.0 = Release|Win32
		{3C122656-B460-DC4F-9A8E-78E9471242D6}.Release|x64.ActiveCfg = Release|x64
		{3C122656-B460-DC4F-9A8E-78E9471242D6}.Release|x64.Build.0 = Release|x64
		{2C1E6445-B58C-7D4F-9879-5ECAE7CC22F5}.Debug|Win32.ActiveCfg = Debug|Win32
		{2C1E6445-B58C-7D4F-9879-5ECAE7CC22F5}.Debug|Win32.Build.0 = Debug|Win32
		{2C1E6445-B58C-7D4F-9879-5ECAE7CC22F5}.Debug|x64.ActiveCfg = Debug|x64
		{2C1E6445-B58C-7D4F-9879-5ECAE7CC22F5}.Debug|x64.Build.0 = Debug|x64
		{2C1E6445-B58C-7D4F-9879-5ECAE7CC22F5}.Release|Win32.ActiveCfg = Release|Win32
		{2C1E6445-B58C-7D4F-9879-5ECAE7CC22F5}.Release|Win32.Build.0 = Release|Win32
		{2C1E6445-B58C-7D4F-9879-5ECAE7CC22F5}.Release|x64.ActiveCfg = Release|x64
		{2C1E6445-B58C-7D4F-9879-5ECAE7CC22F5}.Release|x64.Build.0 = Release|x64
		{D59CA651-7719-8448-8372-E0CA39CE1491}.Debug|Win32.ActiveCfg = Debug|Win32
		{D59CA651-7719-8448-8372-E0CA39CE1491}.Debug|Win32.Build.0 = Debug|Win32
		{D59CA651-7719-8448-8372-E0CA39CE1491}.Debug|x64.ActiveCfg = Debug|x64
		{D59CA651-7719-8448-8372-E0CA39CE1491}.Debug|x64.Build.0 = Debug|x64
		{D59CA651-7719-8448-8372-E0CA39CE1491}.Release|Win32.ActiveCfg = Release|Win32
		{D59CA651-7719-8448-8372-E0CA39CE1491}.Release|Win32.Build.0 = Release|Win32
		{D59CA651-7719-8448-8372-E0CA39CE1491}.Release|x64.ActiveCfg = Release|x64
		{D59CA651-7719-8448-8372-E0CA39CE1491}.Release|x64.Build.0 = Release|x64
	EndGlobalSection
	GlobalSection(SolutionProperties) = preSolution
		HideSolutionNode = FALSE
	EndGlobalSection
EndGlobal
